// !$*UTF8*$!
{
	archiveVersion = 1;
	classes = {
	};
	objectVersion = 55;
	objects = {

/* Begin PBXBuildFile section */
		84802CFC28762A4700452E2D /* PeripheralViewController.swift in Sources */ = {isa = PBXBuildFile; fileRef = 84802CF928762A4700452E2D /* PeripheralViewController.swift */; };
		84802CFD28762A4700452E2D /* AppDelegate.swift in Sources */ = {isa = PBXBuildFile; fileRef = 84802CFA28762A4700452E2D /* AppDelegate.swift */; };
		84802CFE28762A4700452E2D /* CentralViewController.swift in Sources */ = {isa = PBXBuildFile; fileRef = 84802CFB28762A4700452E2D /* CentralViewController.swift */; };
		84D89EAC287604AE00A60E2F /* BudsControllerApp.swift in Sources */ = {isa = PBXBuildFile; fileRef = 84D89EAB287604AE00A60E2F /* BudsControllerApp.swift */; };
		84D89EAE287604AE00A60E2F /* ContentView.swift in Sources */ = {isa = PBXBuildFile; fileRef = 84D89EAD287604AE00A60E2F /* ContentView.swift */; };
		84D89EB0287604B000A60E2F /* Assets.xcassets in Resources */ = {isa = PBXBuildFile; fileRef = 84D89EAF287604B000A60E2F /* Assets.xcassets */; };
		84D89EB3287604B000A60E2F /* Preview Assets.xcassets in Resources */ = {isa = PBXBuildFile; fileRef = 84D89EB2287604B000A60E2F /* Preview Assets.xcassets */; };
		84D89EBC28760A1C00A60E2F /* People.swift in Sources */ = {isa = PBXBuildFile; fileRef = 84D89EBB28760A1C00A60E2F /* People.swift */; };
		84D89EBF28760ACB00A60E2F /* Api.swift in Sources */ = {isa = PBXBuildFile; fileRef = 84D89EBE28760ACB00A60E2F /* Api.swift */; };
		84D89EC228760CEF00A60E2F /* PeopleListViewModel.swift in Sources */ = {isa = PBXBuildFile; fileRef = 84D89EC128760CEF00A60E2F /* PeopleListViewModel.swift */; };
		84D89EC528760D6A00A60E2F /* Const.swift in Sources */ = {isa = PBXBuildFile; fileRef = 84D89EC428760D6A00A60E2F /* Const.swift */; };
/* End PBXBuildFile section */

/* Begin PBXFileReference section */
		84149B4A2894A21B000E911A /* Info.plist */ = {isa = PBXFileReference; lastKnownFileType = text.plist; path = Info.plist; sourceTree = "<group>"; };
		84802CF928762A4700452E2D /* PeripheralViewController.swift */ = {isa = PBXFileReference; fileEncoding = 4; lastKnownFileType = sourcecode.swift; path = PeripheralViewController.swift; sourceTree = "<group>"; };
		84802CFA28762A4700452E2D /* AppDelegate.swift */ = {isa = PBXFileReference; fileEncoding = 4; lastKnownFileType = sourcecode.swift; path = AppDelegate.swift; sourceTree = "<group>"; };
		84802CFB28762A4700452E2D /* CentralViewController.swift */ = {isa = PBXFileReference; fileEncoding = 4; lastKnownFileType = sourcecode.swift; path = CentralViewController.swift; sourceTree = "<group>"; };
		84D89EA8287604AE00A60E2F /* BudsController.app */ = {isa = PBXFileReference; explicitFileType = wrapper.application; includeInIndex = 0; path = BudsController.app; sourceTree = BUILT_PRODUCTS_DIR; };
		84D89EAB287604AE00A60E2F /* BudsControllerApp.swift */ = {isa = PBXFileReference; lastKnownFileType = sourcecode.swift; path = BudsControllerApp.swift; sourceTree = "<group>"; };
		84D89EAD287604AE00A60E2F /* ContentView.swift */ = {isa = PBXFileReference; lastKnownFileType = sourcecode.swift; path = ContentView.swift; sourceTree = "<group>"; };
		84D89EAF287604B000A60E2F /* Assets.xcassets */ = {isa = PBXFileReference; lastKnownFileType = folder.assetcatalog; path = Assets.xcassets; sourceTree = "<group>"; };
		84D89EB2287604B000A60E2F /* Preview Assets.xcassets */ = {isa = PBXFileReference; lastKnownFileType = folder.assetcatalog; path = "Preview Assets.xcassets"; sourceTree = "<group>"; };
		84D89EB4287604B000A60E2F /* BudsController.entitlements */ = {isa = PBXFileReference; lastKnownFileType = text.plist.entitlements; path = BudsController.entitlements; sourceTree = "<group>"; };
		84D89EBB28760A1C00A60E2F /* People.swift */ = {isa = PBXFileReference; lastKnownFileType = sourcecode.swift; path = People.swift; sourceTree = "<group>"; };
		84D89EBE28760ACB00A60E2F /* Api.swift */ = {isa = PBXFileReference; lastKnownFileType = sourcecode.swift; path = Api.swift; sourceTree = "<group>"; };
		84D89EC128760CEF00A60E2F /* PeopleListViewModel.swift */ = {isa = PBXFileReference; lastKnownFileType = sourcecode.swift; path = PeopleListViewModel.swift; sourceTree = "<group>"; };
		84D89EC428760D6A00A60E2F /* Const.swift */ = {isa = PBXFileReference; lastKnownFileType = sourcecode.swift; path = Const.swift; sourceTree = "<group>"; };
/* End PBXFileReference section */

/* Begin PBXFrameworksBuildPhase section */
		84D89EA5287604AE00A60E2F /* Frameworks */ = {
			isa = PBXFrameworksBuildPhase;
			buildActionMask = 2147483647;
			files = (
			);
			runOnlyForDeploymentPostprocessing = 0;
		};
/* End PBXFrameworksBuildPhase section */

/* Begin PBXGroup section */
		84802CF828762A3600452E2D /* BT */ = {
			isa = PBXGroup;
			children = (
				84802CFA28762A4700452E2D /* AppDelegate.swift */,
				84802CFB28762A4700452E2D /* CentralViewController.swift */,
				84802CF928762A4700452E2D /* PeripheralViewController.swift */,
			);
			path = BT;
			sourceTree = "<group>";
		};
		84D89E9F287604AE00A60E2F = {
			isa = PBXGroup;
			children = (
				84D89EAA287604AE00A60E2F /* BudsController */,
				84D89EA9287604AE00A60E2F /* Products */,
			);
			sourceTree = "<group>";
		};
		84D89EA9287604AE00A60E2F /* Products */ = {
			isa = PBXGroup;
			children = (
				84D89EA8287604AE00A60E2F /* BudsController.app */,
			);
			name = Products;
			sourceTree = "<group>";
		};
		84D89EAA287604AE00A60E2F /* BudsController */ = {
			isa = PBXGroup;
			children = (
				84149B4A2894A21B000E911A /* Info.plist */,
				84802CF828762A3600452E2D /* BT */,
				84D89EC328760D5B00A60E2F /* Utils */,
				84D89EC028760CD600A60E2F /* VM */,
				84D89EBD28760AAD00A60E2F /* Services */,
				84D89EBA28760A0900A60E2F /* Model */,
				84D89EAB287604AE00A60E2F /* BudsControllerApp.swift */,
				84D89EAD287604AE00A60E2F /* ContentView.swift */,
				84D89EAF287604B000A60E2F /* Assets.xcassets */,
				84D89EB4287604B000A60E2F /* BudsController.entitlements */,
				84D89EB1287604B000A60E2F /* Preview Content */,
			);
			path = BudsController;
			sourceTree = "<group>";
		};
		84D89EB1287604B000A60E2F /* Preview Content */ = {
			isa = PBXGroup;
			children = (
				84D89EB2287604B000A60E2F /* Preview Assets.xcassets */,
			);
			path = "Preview Content";
			sourceTree = "<group>";
		};
		84D89EBA28760A0900A60E2F /* Model */ = {
			isa = PBXGroup;
			children = (
				84D89EBB28760A1C00A60E2F /* People.swift */,
			);
			path = Model;
			sourceTree = "<group>";
		};
		84D89EBD28760AAD00A60E2F /* Services */ = {
			isa = PBXGroup;
			children = (
				84D89EBE28760ACB00A60E2F /* Api.swift */,
			);
			path = Services;
			sourceTree = "<group>";
		};
		84D89EC028760CD600A60E2F /* VM */ = {
			isa = PBXGroup;
			children = (
				84D89EC128760CEF00A60E2F /* PeopleListViewModel.swift */,
			);
			path = VM;
			sourceTree = "<group>";
		};
		84D89EC328760D5B00A60E2F /* Utils */ = {
			isa = PBXGroup;
			children = (
				84D89EC428760D6A00A60E2F /* Const.swift */,
			);
			path = Utils;
			sourceTree = "<group>";
		};
/* End PBXGroup section */

/* Begin PBXNativeTarget section */
		84D89EA7287604AE00A60E2F /* BudsController */ = {
			isa = PBXNativeTarget;
			buildConfigurationList = 84D89EB7287604B000A60E2F /* Build configuration list for PBXNativeTarget "BudsController" */;
			buildPhases = (
				84D89EA4287604AE00A60E2F /* Sources */,
				84D89EA5287604AE00A60E2F /* Frameworks */,
				84D89EA6287604AE00A60E2F /* Resources */,
			);
			buildRules = (
			);
			dependencies = (
			);
			name = BudsController;
			productName = BudsController;
			productReference = 84D89EA8287604AE00A60E2F /* BudsController.app */;
			productType = "com.apple.product-type.application";
		};
/* End PBXNativeTarget section */

/* Begin PBXProject section */
		84D89EA0287604AE00A60E2F /* Project object */ = {
			isa = PBXProject;
			attributes = {
				BuildIndependentTargetsInParallel = 1;
				LastSwiftUpdateCheck = 1340;
				LastUpgradeCheck = 1340;
				TargetAttributes = {
					84D89EA7287604AE00A60E2F = {
						CreatedOnToolsVersion = 13.4.1;
					};
				};
			};
			buildConfigurationList = 84D89EA3287604AE00A60E2F /* Build configuration list for PBXProject "BudsController" */;
			compatibilityVersion = "Xcode 13.0";
			developmentRegion = en;
			hasScannedForEncodings = 0;
			knownRegions = (
				en,
				Base,
			);
			mainGroup = 84D89E9F287604AE00A60E2F;
			productRefGroup = 84D89EA9287604AE00A60E2F /* Products */;
			projectDirPath = "";
			projectRoot = "";
			targets = (
				84D89EA7287604AE00A60E2F /* BudsController */,
			);
		};
/* End PBXProject section */

/* Begin PBXResourcesBuildPhase section */
		84D89EA6287604AE00A60E2F /* Resources */ = {
			isa = PBXResourcesBuildPhase;
			buildActionMask = 2147483647;
			files = (
				84D89EB3287604B000A60E2F /* Preview Assets.xcassets in Resources */,
				84D89EB0287604B000A60E2F /* Assets.xcassets in Resources */,
			);
			runOnlyForDeploymentPostprocessing = 0;
		};
/* End PBXResourcesBuildPhase section */

/* Begin PBXSourcesBuildPhase section */
		84D89EA4287604AE00A60E2F /* Sources */ = {
			isa = PBXSourcesBuildPhase;
			buildActionMask = 2147483647;
			files = (
				84802CFD28762A4700452E2D /* AppDelegate.swift in Sources */,
				84D89EAE287604AE00A60E2F /* ContentView.swift in Sources */,
				84D89EAC287604AE00A60E2F /* BudsControllerApp.swift in Sources */,
				84D89EBF28760ACB00A60E2F /* Api.swift in Sources */,
				84802CFC28762A4700452E2D /* PeripheralViewController.swift in Sources */,
				84D89EC228760CEF00A60E2F /* PeopleListViewModel.swift in Sources */,
				84D89EBC28760A1C00A60E2F /* People.swift in Sources */,
				84802CFE28762A4700452E2D /* CentralViewController.swift in Sources */,
				84D89EC528760D6A00A60E2F /* Const.swift in Sources */,
			);
			runOnlyForDeploymentPostprocessing = 0;
		};
/* End PBXSourcesBuildPhase section */

/* Begin XCBuildConfiguration section */
		84D89EB5287604B000A60E2F /* Debug */ = {
			isa = XCBuildConfiguration;
			buildSettings = {
				ALWAYS_SEARCH_USER_PATHS = NO;
				CLANG_ANALYZER_NONNULL = YES;
				CLANG_ANALYZER_NUMBER_OBJECT_CONVERSION = YES_AGGRESSIVE;
				CLANG_CXX_LANGUAGE_STANDARD = "gnu++17";
				CLANG_ENABLE_MODULES = YES;
				CLANG_ENABLE_OBJC_ARC = YES;
				CLANG_ENABLE_OBJC_WEAK = YES;
				CLANG_WARN_BLOCK_CAPTURE_AUTORELEASING = YES;
				CLANG_WARN_BOOL_CONVERSION = YES;
				CLANG_WARN_COMMA = YES;
				CLANG_WARN_CONSTANT_CONVERSION = YES;
				CLANG_WARN_DEPRECATED_OBJC_IMPLEMENTATIONS = YES;
				CLANG_WARN_DIRECT_OBJC_ISA_USAGE = YES_ERROR;
				CLANG_WARN_DOCUMENTATION_COMMENTS = YES;
				CLANG_WARN_EMPTY_BODY = YES;
				CLANG_WARN_ENUM_CONVERSION = YES;
				CLANG_WARN_INFINITE_RECURSION = YES;
				CLANG_WARN_INT_CONVERSION = YES;
				CLANG_WARN_NON_LITERAL_NULL_CONVERSION = YES;
				CLANG_WARN_OBJC_IMPLICIT_RETAIN_SELF = YES;
				CLANG_WARN_OBJC_LITERAL_CONVERSION = YES;
				CLANG_WARN_OBJC_ROOT_CLASS = YES_ERROR;
				CLANG_WARN_QUOTED_INCLUDE_IN_FRAMEWORK_HEADER = YES;
				CLANG_WARN_RANGE_LOOP_ANALYSIS = YES;
				CLANG_WARN_STRICT_PROTOTYPES = YES;
				CLANG_WARN_SUSPICIOUS_MOVE = YES;
				CLANG_WARN_UNGUARDED_AVAILABILITY = YES_AGGRESSIVE;
				CLANG_WARN_UNREACHABLE_CODE = YES;
				CLANG_WARN__DUPLICATE_METHOD_MATCH = YES;
				COPY_PHASE_STRIP = NO;
				DEBUG_INFORMATION_FORMAT = dwarf;
				ENABLE_STRICT_OBJC_MSGSEND = YES;
				ENABLE_TESTABILITY = YES;
				GCC_C_LANGUAGE_STANDARD = gnu11;
				GCC_DYNAMIC_NO_PIC = NO;
				GCC_NO_COMMON_BLOCKS = YES;
				GCC_OPTIMIZATION_LEVEL = 0;
				GCC_PREPROCESSOR_DEFINITIONS = (
					"DEBUG=1",
					"$(inherited)",
				);
				GCC_WARN_64_TO_32_BIT_CONVERSION = YES;
				GCC_WARN_ABOUT_RETURN_TYPE = YES_ERROR;
				GCC_WARN_UNDECLARED_SELECTOR = YES;
				GCC_WARN_UNINITIALIZED_AUTOS = YES_AGGRESSIVE;
				GCC_WARN_UNUSED_FUNCTION = YES;
				GCC_WARN_UNUSED_VARIABLE = YES;
				MACOSX_DEPLOYMENT_TARGET = 12.3;
				MTL_ENABLE_DEBUG_INFO = INCLUDE_SOURCE;
				MTL_FAST_MATH = YES;
				ONLY_ACTIVE_ARCH = YES;
				SDKROOT = macosx;
				SWIFT_ACTIVE_COMPILATION_CONDITIONS = DEBUG;
				SWIFT_OPTIMIZATION_LEVEL = "-Onone";
			};
			name = Debug;
		};
		84D89EB6287604B000A60E2F /* Release */ = {
			isa = XCBuildConfiguration;
			buildSettings = {
				ALWAYS_SEARCH_USER_PATHS = NO;
				CLANG_ANALYZER_NONNULL = YES;
				CLANG_ANALYZER_NUMBER_OBJECT_CONVERSION = YES_AGGRESSIVE;
				CLANG_CXX_LANGUAGE_STANDARD = "gnu++17";
				CLANG_ENABLE_MODULES = YES;
				CLANG_ENABLE_OBJC_ARC = YES;
				CLANG_ENABLE_OBJC_WEAK = YES;
				CLANG_WARN_BLOCK_CAPTURE_AUTORELEASING = YES;
				CLANG_WARN_BOOL_CONVERSION = YES;
				CLANG_WARN_COMMA = YES;
				CLANG_WARN_CONSTANT_CONVERSION = YES;
				CLANG_WARN_DEPRECATED_OBJC_IMPLEMENTATIONS = YES;
				CLANG_WARN_DIRECT_OBJC_ISA_USAGE = YES_ERROR;
				CLANG_WARN_DOCUMENTATION_COMMENTS = YES;
				CLANG_WARN_EMPTY_BODY = YES;
				CLANG_WARN_ENUM_CONVERSION = YES;
				CLANG_WARN_INFINITE_RECURSION = YES;
				CLANG_WARN_INT_CONVERSION = YES;
				CLANG_WARN_NON_LITERAL_NULL_CONVERSION = YES;
				CLANG_WARN_OBJC_IMPLICIT_RETAIN_SELF = YES;
				CLANG_WARN_OBJC_LITERAL_CONVERSION = YES;
				CLANG_WARN_OBJC_ROOT_CLASS = YES_ERROR;
				CLANG_WARN_QUOTED_INCLUDE_IN_FRAMEWORK_HEADER = YES;
				CLANG_WARN_RANGE_LOOP_ANALYSIS = YES;
				CLANG_WARN_STRICT_PROTOTYPES = YES;
				CLANG_WARN_SUSPICIOUS_MOVE = YES;
				CLANG_WARN_UNGUARDED_AVAILABILITY = YES_AGGRESSIVE;
				CLANG_WARN_UNREACHABLE_CODE = YES;
				CLANG_WARN__DUPLICATE_METHOD_MATCH = YES;
				COPY_PHASE_STRIP = NO;
				DEBUG_INFORMATION_FORMAT = "dwarf-with-dsym";
				ENABLE_NS_ASSERTIONS = NO;
				ENABLE_STRICT_OBJC_MSGSEND = YES;
				GCC_C_LANGUAGE_STANDARD = gnu11;
				GCC_NO_COMMON_BLOCKS = YES;
				GCC_WARN_64_TO_32_BIT_CONVERSION = YES;
				GCC_WARN_ABOUT_RETURN_TYPE = YES_ERROR;
				GCC_WARN_UNDECLARED_SELECTOR = YES;
				GCC_WARN_UNINITIALIZED_AUTOS = YES_AGGRESSIVE;
				GCC_WARN_UNUSED_FUNCTION = YES;
				GCC_WARN_UNUSED_VARIABLE = YES;
				MACOSX_DEPLOYMENT_TARGET = 12.3;
				MTL_ENABLE_DEBUG_INFO = NO;
				MTL_FAST_MATH = YES;
				SDKROOT = macosx;
				SWIFT_COMPILATION_MODE = wholemodule;
				SWIFT_OPTIMIZATION_LEVEL = "-O";
			};
			name = Release;
		};
		84D89EB8287604B000A60E2F /* Debug */ = {
			isa = XCBuildConfiguration;
			buildSettings = {
				ASSETCATALOG_COMPILER_APPICON_NAME = AppIcon;
				ASSETCATALOG_COMPILER_GLOBAL_ACCENT_COLOR_NAME = AccentColor;
				CODE_SIGN_ENTITLEMENTS = BudsController/BudsController.entitlements;
				CODE_SIGN_STYLE = Automatic;
				COMBINE_HIDPI_IMAGES = YES;
				CURRENT_PROJECT_VERSION = 1;
				DEVELOPMENT_ASSET_PATHS = "\"BudsController/Preview Content\"";
				DEVELOPMENT_TEAM = LR3JGK264B;
				ENABLE_HARDENED_RUNTIME = YES;
				ENABLE_PREVIEWS = YES;
				GENERATE_INFOPLIST_FILE = YES;
				INFOPLIST_FILE = BudsController/Info.plist;
				INFOPLIST_KEY_NSBluetoothAlwaysUsageDescription = "Необходим для работы Bluetooth наушников, как ни странно=)";
				INFOPLIST_KEY_NSHumanReadableCopyright = "";
				LD_RUNPATH_SEARCH_PATHS = (
					"$(inherited)",
					"@executable_path/../Frameworks",
				);
				MARKETING_VERSION = 1.0;
				PRODUCT_BUNDLE_IDENTIFIER = com.grapesapps.BudsController;
				PRODUCT_NAME = "$(TARGET_NAME)";
				SWIFT_EMIT_LOC_STRINGS = YES;
				SWIFT_VERSION = 5.0;
			};
			name = Debug;
		};
		84D89EB9287604B000A60E2F /* Release */ = {
			isa = XCBuildConfiguration;
			buildSettings = {
				ASSETCATALOG_COMPILER_APPICON_NAME = AppIcon;
				ASSETCATALOG_COMPILER_GLOBAL_ACCENT_COLOR_NAME = AccentColor;
				CODE_SIGN_ENTITLEMENTS = BudsController/BudsController.entitlements;
				CODE_SIGN_STYLE = Automatic;
				COMBINE_HIDPI_IMAGES = YES;
				CURRENT_PROJECT_VERSION = 1;
				DEVELOPMENT_ASSET_PATHS = "\"BudsController/Preview Content\"";
				DEVELOPMENT_TEAM = LR3JGK264B;
				ENABLE_HARDENED_RUNTIME = YES;
				ENABLE_PREVIEWS = YES;
				GENERATE_INFOPLIST_FILE = YES;
				INFOPLIST_FILE = BudsController/Info.plist;
				INFOPLIST_KEY_NSBluetoothAlwaysUsageDescription = "Необходим для работы Bluetooth наушников, как ни странно=)";
				INFOPLIST_KEY_NSHumanReadableCopyright = "";
				LD_RUNPATH_SEARCH_PATHS = (
					"$(inherited)",
					"@executable_path/../Frameworks",
				);
				MARKETING_VERSION = 1.0;
				PRODUCT_BUNDLE_IDENTIFIER = com.grapesapps.BudsController;
				PRODUCT_NAME = "$(TARGET_NAME)";
				SWIFT_EMIT_LOC_STRINGS = YES;
				SWIFT_VERSION = 5.0;
			};
			name = Release;
		};
/* End XCBuildConfiguration section */

/* Begin XCConfigurationList section */
		84D89EA3287604AE00A60E2F /* Build configuration list for PBXProject "BudsController" */ = {
			isa = XCConfigurationList;
			buildConfigurations = (
				84D89EB5287604B000A60E2F /* Debug */,
				84D89EB6287604B000A60E2F /* Release */,
			);
			defaultConfigurationIsVisible = 0;
			defaultConfigurationName = Release;
		};
		84D89EB7287604B000A60E2F /* Build configuration list for PBXNativeTarget "BudsController" */ = {
			isa = XCConfigurationList;
			buildConfigurations = (
				84D89EB8287604B000A60E2F /* Debug */,
				84D89EB9287604B000A60E2F /* Release */,
			);
			defaultConfigurationIsVisible = 0;
			defaultConfigurationName = Release;
		};
/* End XCConfigurationList section */
	};
	rootObject = 84D89EA0287604AE00A60E2F /* Project object */;
}
